
Microsoft Visual Studio Solution File, Format Version 12.00
# Visual Studio Version 16
VisualStudioVersion = 16.0.30413.136
MinimumVisualStudioVersion = 10.0.40219.1
Project("{2150E333-8FDC-42A3-9474-1A3956D46DE8}") = "src", "src", "{AB7E3E16-3038-47AD-BD20-4EED449CA8C1}"
EndProject
Project("{2150E333-8FDC-42A3-9474-1A3956D46DE8}") = "tests", "tests", "{C62D6BB4-0C50-4A83-BADC-AC6C2A90E415}"
EndProject
Project("{9A19103F-16F7-4668-BE54-9A1E7A4F7556}") = "BuildingBlocks", "BuildingBlocks\BuildingBlocks.csproj", "{E6149159-E6FE-46F2-A24E-9D2671C772F3}"
EndProject
Project("{FAE04EC0-301F-11D3-BF4B-00C04F79EFBC}") = "BuildingBlocks.SqlServer", "BuildingBlocks.SqlServer\BuildingBlocks.SqlServer.csproj", "{232459C1-047C-4E88-80A5-D69F77ADC8C8}"
EndProject
Global
	GlobalSection(SolutionConfigurationPlatforms) = preSolution
		Debug|Any CPU = Debug|Any CPU
		Release|Any CPU = Release|Any CPU
	EndGlobalSection
	GlobalSection(ProjectConfigurationPlatforms) = postSolution
		{E6149159-E6FE-46F2-A24E-9D2671C772F3}.Debug|Any CPU.ActiveCfg = Debug|Any CPU
		{E6149159-E6FE-46F2-A24E-9D2671C772F3}.Debug|Any CPU.Build.0 = Debug|Any CPU
		{E6149159-E6FE-46F2-A24E-9D2671C772F3}.Release|Any CPU.ActiveCfg = Release|Any CPU
		{E6149159-E6FE-46F2-A24E-9D2671C772F3}.Release|Any CPU.Build.0 = Release|Any CPU
		{232459C1-047C-4E88-80A5-D69F77ADC8C8}.Debug|Any CPU.ActiveCfg = Debug|Any CPU
		{232459C1-047C-4E88-80A5-D69F77ADC8C8}.Debug|Any CPU.Build.0 = Debug|Any CPU
		{232459C1-047C-4E88-80A5-D69F77ADC8C8}.Release|Any CPU.ActiveCfg = Release|Any CPU
		{232459C1-047C-4E88-80A5-D69F77ADC8C8}.Release|Any CPU.Build.0 = Release|Any CPU
	EndGlobalSection
	GlobalSection(SolutionProperties) = preSolution
		HideSolutionNode = FALSE
	EndGlobalSection
	GlobalSection(NestedProjects) = preSolution
		{E6149159-E6FE-46F2-A24E-9D2671C772F3} = {AB7E3E16-3038-47AD-BD20-4EED449CA8C1}
		{232459C1-047C-4E88-80A5-D69F77ADC8C8} = {AB7E3E16-3038-47AD-BD20-4EED449CA8C1}
	EndGlobalSection
	GlobalSection(ExtensibilityGlobals) = postSolution
		SolutionGuid = {49ECBCEA-76D9-4D3A-A094-2AC44D9C2239}
	EndGlobalSection
EndGlobal
